
Microsoft Visual Studio Solution File, Format Version 12.00
# Visual Studio Version 16
VisualStudioVersion = 16.0.29009.5
MinimumVisualStudioVersion = 10.0.40219.1
Project("{FAE04EC0-301F-11D3-BF4B-00C04F79EFBC}") = "SignalRJS", "SignalRJS.csproj", "{8ED100D8-4FA8-49F2-992B-39503D1A3955}"
EndProject
Global
	GlobalSection(SolutionConfigurationPlatforms) = preSolution
		Debug|Any CPU = Debug|Any CPU
		Release|Any CPU = Release|Any CPU
	EndGlobalSection
	GlobalSection(ProjectConfigurationPlatforms) = postSolution
		{8ED100D8-4FA8-49F2-992B-39503D1A3955}.Debug|Any CPU.ActiveCfg = Debug|Any CPU
		{8ED100D8-4FA8-49F2-992B-39503D1A3955}.Debug|Any CPU.Build.0 = Debug|Any CPU
		{8ED100D8-4FA8-49F2-992B-39503D1A3955}.Release|Any CPU.ActiveCfg = Release|Any CPU
		{8ED100D8-4FA8-49F2-992B-39503D1A3955}.Release|Any CPU.Build.0 = Release|Any CPU
	EndGlobalSection
	GlobalSection(SolutionProperties) = preSolution
		HideSolutionNode = FALSE
	EndGlobalSection
	GlobalSection(ExtensibilityGlobals) = postSolution
		SolutionGuid = {475D62D1-7857-4E7A-AAD6-ED139C75A1FF}
	EndGlobalSection
EndGlobal
