
Microsoft Visual Studio Solution File, Format Version 12.00
# Visual Studio Version 16
VisualStudioVersion = 16.0.29009.5
MinimumVisualStudioVersion = 10.0.40219.1
Project("{FAE04EC0-301F-11D3-BF4B-00C04F79EFBC}") = "EmplyeeManagement", "EmplyeeManagement.csproj", "{56DC64CD-D593-476F-9730-8FE93040544B}"
EndProject
Global
	GlobalSection(SolutionConfigurationPlatforms) = preSolution
		Debug|Any CPU = Debug|Any CPU
		Release|Any CPU = Release|Any CPU
	EndGlobalSection
	GlobalSection(ProjectConfigurationPlatforms) = postSolution
		{56DC64CD-D593-476F-9730-8FE93040544B}.Debug|Any CPU.ActiveCfg = Debug|Any CPU
		{56DC64CD-D593-476F-9730-8FE93040544B}.Debug|Any CPU.Build.0 = Debug|Any CPU
		{56DC64CD-D593-476F-9730-8FE93040544B}.Release|Any CPU.ActiveCfg = Release|Any CPU
		{56DC64CD-D593-476F-9730-8FE93040544B}.Release|Any CPU.Build.0 = Release|Any CPU
	EndGlobalSection
	GlobalSection(SolutionProperties) = preSolution
		HideSolutionNode = FALSE
	EndGlobalSection
	GlobalSection(ExtensibilityGlobals) = postSolution
		SolutionGuid = {60145E64-9F60-4808-824A-CF6C47BF0B03}
	EndGlobalSection
EndGlobal
