
Microsoft Visual Studio Solution File, Format Version 12.00
Project("{FAE04EC0-301F-11D3-BF4B-00C04F79EFBC}") = "ScrutorDecorator.Api", "ScrutorDecorator.Api\ScrutorDecorator.Api.csproj", "{F6C4EB51-1754-48F1-A929-88A795457DA3}"
EndProject
Project("{FAE04EC0-301F-11D3-BF4B-00C04F79EFBC}") = "CastleDynamicProxy.Api", "CastleDynamicProxy.Api\CastleDynamicProxy.Api.csproj", "{17895812-9AE5-4FE9-868F-29A85738452B}"
EndProject
Project("{FAE04EC0-301F-11D3-BF4B-00C04F79EFBC}") = "WeatherCore", "WeatherCore\WeatherCore.csproj", "{04A19D0D-CFC6-4D10-A4AB-56C423C9BC9B}"
EndProject
Project("{FAE04EC0-301F-11D3-BF4B-00C04F79EFBC}") = "MockWithProxy", "MockWithProxy\MockWithProxy.csproj", "{B635EC48-2344-4750-A28E-D1EC5CF729B5}"
EndProject
Project("{FAE04EC0-301F-11D3-BF4B-00C04F79EFBC}") = "DynamicProxy.Performance", "DynamicProxy.Performance\DynamicProxy.Performance.csproj", "{0F89B843-24BC-49E9-B422-392C2A7FE1E3}"
EndProject
Project("{FAE04EC0-301F-11D3-BF4B-00C04F79EFBC}") = "DecoratedVsIntercepted.Performance", "DecoratedVsIntercepted.Performance\DecoratedVsIntercepted.Performance.csproj", "{14E2233E-B1DC-4C8A-9324-71650B78DB36}"
EndProject
Project("{FAE04EC0-301F-11D3-BF4B-00C04F79EFBC}") = "MDFBenchmarks", "MDFBenchmarks\MDFBenchmarks.csproj", "{51AE77F4-D407-455C-A119-FD4C77814B4F}"
EndProject
Global
	GlobalSection(SolutionConfigurationPlatforms) = preSolution
		Debug|Any CPU = Debug|Any CPU
		Release|Any CPU = Release|Any CPU
	EndGlobalSection
	GlobalSection(ProjectConfigurationPlatforms) = postSolution
		{F6C4EB51-1754-48F1-A929-88A795457DA3}.Debug|Any CPU.ActiveCfg = Debug|Any CPU
		{F6C4EB51-1754-48F1-A929-88A795457DA3}.Debug|Any CPU.Build.0 = Debug|Any CPU
		{F6C4EB51-1754-48F1-A929-88A795457DA3}.Release|Any CPU.ActiveCfg = Release|Any CPU
		{F6C4EB51-1754-48F1-A929-88A795457DA3}.Release|Any CPU.Build.0 = Release|Any CPU
		{17895812-9AE5-4FE9-868F-29A85738452B}.Debug|Any CPU.ActiveCfg = Debug|Any CPU
		{17895812-9AE5-4FE9-868F-29A85738452B}.Debug|Any CPU.Build.0 = Debug|Any CPU
		{17895812-9AE5-4FE9-868F-29A85738452B}.Release|Any CPU.ActiveCfg = Release|Any CPU
		{17895812-9AE5-4FE9-868F-29A85738452B}.Release|Any CPU.Build.0 = Release|Any CPU
		{04A19D0D-CFC6-4D10-A4AB-56C423C9BC9B}.Debug|Any CPU.ActiveCfg = Debug|Any CPU
		{04A19D0D-CFC6-4D10-A4AB-56C423C9BC9B}.Debug|Any CPU.Build.0 = Debug|Any CPU
		{04A19D0D-CFC6-4D10-A4AB-56C423C9BC9B}.Release|Any CPU.ActiveCfg = Release|Any CPU
		{04A19D0D-CFC6-4D10-A4AB-56C423C9BC9B}.Release|Any CPU.Build.0 = Release|Any CPU
		{B635EC48-2344-4750-A28E-D1EC5CF729B5}.Debug|Any CPU.ActiveCfg = Debug|Any CPU
		{B635EC48-2344-4750-A28E-D1EC5CF729B5}.Debug|Any CPU.Build.0 = Debug|Any CPU
		{B635EC48-2344-4750-A28E-D1EC5CF729B5}.Release|Any CPU.ActiveCfg = Release|Any CPU
		{B635EC48-2344-4750-A28E-D1EC5CF729B5}.Release|Any CPU.Build.0 = Release|Any CPU
		{0F89B843-24BC-49E9-B422-392C2A7FE1E3}.Debug|Any CPU.ActiveCfg = Debug|Any CPU
		{0F89B843-24BC-49E9-B422-392C2A7FE1E3}.Debug|Any CPU.Build.0 = Debug|Any CPU
		{0F89B843-24BC-49E9-B422-392C2A7FE1E3}.Release|Any CPU.ActiveCfg = Release|Any CPU
		{0F89B843-24BC-49E9-B422-392C2A7FE1E3}.Release|Any CPU.Build.0 = Release|Any CPU
		{14E2233E-B1DC-4C8A-9324-71650B78DB36}.Debug|Any CPU.ActiveCfg = Debug|Any CPU
		{14E2233E-B1DC-4C8A-9324-71650B78DB36}.Debug|Any CPU.Build.0 = Debug|Any CPU
		{14E2233E-B1DC-4C8A-9324-71650B78DB36}.Release|Any CPU.ActiveCfg = Release|Any CPU
		{14E2233E-B1DC-4C8A-9324-71650B78DB36}.Release|Any CPU.Build.0 = Release|Any CPU
		{51AE77F4-D407-455C-A119-FD4C77814B4F}.Debug|Any CPU.ActiveCfg = Debug|Any CPU
		{51AE77F4-D407-455C-A119-FD4C77814B4F}.Debug|Any CPU.Build.0 = Debug|Any CPU
		{51AE77F4-D407-455C-A119-FD4C77814B4F}.Release|Any CPU.ActiveCfg = Release|Any CPU
		{51AE77F4-D407-455C-A119-FD4C77814B4F}.Release|Any CPU.Build.0 = Release|Any CPU
	EndGlobalSection
EndGlobal
