
Microsoft Visual Studio Solution File, Format Version 12.00
# Visual Studio Version 16
VisualStudioVersion = 16.0.32228.343
MinimumVisualStudioVersion = 10.0.40219.1
Project("{9A19103F-16F7-4668-BE54-9A1E7A4F7556}") = "Semaphore.Sample", "Semaphore.Sample.csproj", "{BFE2DE73-E6CB-42DD-A1A2-0F1846B92C26}"
EndProject
Global
	GlobalSection(SolutionConfigurationPlatforms) = preSolution
		Debug|Any CPU = Debug|Any CPU
		Release|Any CPU = Release|Any CPU
	EndGlobalSection
	GlobalSection(ProjectConfigurationPlatforms) = postSolution
		{BFE2DE73-E6CB-42DD-A1A2-0F1846B92C26}.Debug|Any CPU.ActiveCfg = Debug|Any CPU
		{BFE2DE73-E6CB-42DD-A1A2-0F1846B92C26}.Debug|Any CPU.Build.0 = Debug|Any CPU
		{BFE2DE73-E6CB-42DD-A1A2-0F1846B92C26}.Release|Any CPU.ActiveCfg = Release|Any CPU
		{BFE2DE73-E6CB-42DD-A1A2-0F1846B92C26}.Release|Any CPU.Build.0 = Release|Any CPU
	EndGlobalSection
	GlobalSection(SolutionProperties) = preSolution
		HideSolutionNode = FALSE
	EndGlobalSection
	GlobalSection(ExtensibilityGlobals) = postSolution
		SolutionGuid = {00F3AAAD-6005-4D4F-961F-AD9138A04C24}
	EndGlobalSection
EndGlobal
