
Microsoft Visual Studio Solution File, Format Version 12.00
# Visual Studio Version 16
VisualStudioVersion = 16.0.30104.148
MinimumVisualStudioVersion = 10.0.40219.1
Project("{FAE04EC0-301F-11D3-BF4B-00C04F79EFBC}") = "IEnumerableIQueryable.Demo", "IEnumerableIQueriable.Demo\IEnumerableIQueryable.Demo.csproj", "{610AF393-FECA-4547-B57F-AFDF5A7DDE6A}"
EndProject
Global
	GlobalSection(SolutionConfigurationPlatforms) = preSolution
		Debug|Any CPU = Debug|Any CPU
		Release|Any CPU = Release|Any CPU
	EndGlobalSection
	GlobalSection(ProjectConfigurationPlatforms) = postSolution
		{610AF393-FECA-4547-B57F-AFDF5A7DDE6A}.Debug|Any CPU.ActiveCfg = Debug|Any CPU
		{610AF393-FECA-4547-B57F-AFDF5A7DDE6A}.Debug|Any CPU.Build.0 = Debug|Any CPU
		{610AF393-FECA-4547-B57F-AFDF5A7DDE6A}.Release|Any CPU.ActiveCfg = Release|Any CPU
		{610AF393-FECA-4547-B57F-AFDF5A7DDE6A}.Release|Any CPU.Build.0 = Release|Any CPU
	EndGlobalSection
	GlobalSection(SolutionProperties) = preSolution
		HideSolutionNode = FALSE
	EndGlobalSection
	GlobalSection(ExtensibilityGlobals) = postSolution
		SolutionGuid = {C85E14AF-6233-4DCF-A6B5-A60A38BC46EA}
	EndGlobalSection
EndGlobal
