
Microsoft Visual Studio Solution File, Format Version 12.00
# Visual Studio 2012
Project("{FAE04EC0-301F-11D3-BF4B-00C04F79EFBC}") = "FTPUpload", "FTPUpload\FTPUpload.csproj", "{2B2C15BF-20A6-45BC-B423-1819B31DD76E}"
EndProject
Project("{FAE04EC0-301F-11D3-BF4B-00C04F79EFBC}") = "FTPDownLoad", "FTPDownLoad\FTPDownLoad.csproj", "{62147C90-07C9-4286-9975-73D5533B0D95}"
EndProject
Project("{FAE04EC0-301F-11D3-BF4B-00C04F79EFBC}") = "HTTPWebClient", "WebClientTest\HTTPWebClient.csproj", "{62039FE7-9512-4E2F-8A15-473DBB69483A}"
EndProject
Global
	GlobalSection(SolutionConfigurationPlatforms) = preSolution
		Debug|Any CPU = Debug|Any CPU
		Release|Any CPU = Release|Any CPU
	EndGlobalSection
	GlobalSection(ProjectConfigurationPlatforms) = postSolution
		{2B2C15BF-20A6-45BC-B423-1819B31DD76E}.Debug|Any CPU.ActiveCfg = Debug|Any CPU
		{2B2C15BF-20A6-45BC-B423-1819B31DD76E}.Debug|Any CPU.Build.0 = Debug|Any CPU
		{2B2C15BF-20A6-45BC-B423-1819B31DD76E}.Release|Any CPU.ActiveCfg = Release|Any CPU
		{2B2C15BF-20A6-45BC-B423-1819B31DD76E}.Release|Any CPU.Build.0 = Release|Any CPU
		{62147C90-07C9-4286-9975-73D5533B0D95}.Debug|Any CPU.ActiveCfg = Debug|Any CPU
		{62147C90-07C9-4286-9975-73D5533B0D95}.Debug|Any CPU.Build.0 = Debug|Any CPU
		{62147C90-07C9-4286-9975-73D5533B0D95}.Release|Any CPU.ActiveCfg = Release|Any CPU
		{62147C90-07C9-4286-9975-73D5533B0D95}.Release|Any CPU.Build.0 = Release|Any CPU
		{62039FE7-9512-4E2F-8A15-473DBB69483A}.Debug|Any CPU.ActiveCfg = Debug|Any CPU
		{62039FE7-9512-4E2F-8A15-473DBB69483A}.Debug|Any CPU.Build.0 = Debug|Any CPU
		{62039FE7-9512-4E2F-8A15-473DBB69483A}.Release|Any CPU.ActiveCfg = Release|Any CPU
		{62039FE7-9512-4E2F-8A15-473DBB69483A}.Release|Any CPU.Build.0 = Release|Any CPU
	EndGlobalSection
	GlobalSection(SolutionProperties) = preSolution
		HideSolutionNode = FALSE
	EndGlobalSection
EndGlobal
